// !$*UTF8*$!
{
	archiveVersion = 1;
	classes = {
	};
	objectVersion = 50;
	objects = {

/* Begin PBXBuildFile section */
		041088E722FC1B52001AB1F3 /* UIDevice+Notch.swift in Sources */ = {isa = PBXBuildFile; fileRef = 041088E622FC1B52001AB1F3 /* UIDevice+Notch.swift */; };
		044696D6246BB45D00447BCE /* UIInterfaceOrientation+AVCaptureVideoOrientation.swift in Sources */ = {isa = PBXBuildFile; fileRef = 044696D5246BB45D00447BCE /* UIInterfaceOrientation+AVCaptureVideoOrientation.swift */; };
		044696D8246BBB4D00447BCE /* CGColor+UIColor.swift in Sources */ = {isa = PBXBuildFile; fileRef = 044696D7246BBB4D00447BCE /* CGColor+UIColor.swift */; };
		044BEB7522BB251600474A70 /* Scalable+CGFloat+Int.swift in Sources */ = {isa = PBXBuildFile; fileRef = 044BEB7422BB251600474A70 /* Scalable+CGFloat+Int.swift */; };
		0458DC96221D6AE9007835EA /* UIColor+generate.swift in Sources */ = {isa = PBXBuildFile; fileRef = 0458DC95221D6AE9007835EA /* UIColor+generate.swift */; };
		0458DC99221D6B8C007835EA /* Data+JSONDecode+Encode.swift in Sources */ = {isa = PBXBuildFile; fileRef = 0458DC98221D6B8C007835EA /* Data+JSONDecode+Encode.swift */; };
		04819F7A22B8881300A1BCF4 /* CGFlat+Rounded.swift in Sources */ = {isa = PBXBuildFile; fileRef = 04819F7922B8881300A1BCF4 /* CGFlat+Rounded.swift */; };
		048D89A522017144003C98B3 /* ConvenientExtension.h in Headers */ = {isa = PBXBuildFile; fileRef = 048D89A322017144003C98B3 /* ConvenientExtension.h */; settings = {ATTRIBUTES = (Public, ); }; };
		048D89AE2201729C003C98B3 /* UIScreen+Dimension.swift in Sources */ = {isa = PBXBuildFile; fileRef = 048D89AD2201729C003C98B3 /* UIScreen+Dimension.swift */; };
		048D89B1220172BF003C98B3 /* UIApplication+StatusBarHeight.swift in Sources */ = {isa = PBXBuildFile; fileRef = 048D89B0220172BF003C98B3 /* UIApplication+StatusBarHeight.swift */; };
		048D89B4220172EA003C98B3 /* UICollectionView+init.swift in Sources */ = {isa = PBXBuildFile; fileRef = 048D89B3220172EA003C98B3 /* UICollectionView+init.swift */; };
		048D89B72201731D003C98B3 /* UILabel+setup.swift in Sources */ = {isa = PBXBuildFile; fileRef = 048D89B62201731D003C98B3 /* UILabel+setup.swift */; };
		048D89BA22017374003C98B3 /* UIButton+sugar+setup.swift in Sources */ = {isa = PBXBuildFile; fileRef = 048D89B922017374003C98B3 /* UIButton+sugar+setup.swift */; };
		048D89BC22017397003C98B3 /* UIApplication+openSetting.swift in Sources */ = {isa = PBXBuildFile; fileRef = 048D89BB22017397003C98B3 /* UIApplication+openSetting.swift */; };
		048D89BF220173F4003C98B3 /* CALayer+setBorder.swift in Sources */ = {isa = PBXBuildFile; fileRef = 048D89BE220173F4003C98B3 /* CALayer+setBorder.swift */; };
		048D89C222017421003C98B3 /* Array+append+inserts.swift in Sources */ = {isa = PBXBuildFile; fileRef = 048D89C122017421003C98B3 /* Array+append+inserts.swift */; };
		048D89C522017441003C98B3 /* Double+formattedString.swift in Sources */ = {isa = PBXBuildFile; fileRef = 048D89C422017441003C98B3 /* Double+formattedString.swift */; };
		048D89C822017461003C98B3 /* UINavigationController+Transparent.swift in Sources */ = {isa = PBXBuildFile; fileRef = 048D89C722017461003C98B3 /* UINavigationController+Transparent.swift */; };
		048D89CB2201748B003C98B3 /* UIStackView+set.swift in Sources */ = {isa = PBXBuildFile; fileRef = 048D89CA2201748B003C98B3 /* UIStackView+set.swift */; };
		048D89CD220174C5003C98B3 /* CALayer+shadow.swift in Sources */ = {isa = PBXBuildFile; fileRef = 048D89CC220174C5003C98B3 /* CALayer+shadow.swift */; };
		048D89CF220174ED003C98B3 /* Array+Multiplier.swift in Sources */ = {isa = PBXBuildFile; fileRef = 048D89CE220174ED003C98B3 /* Array+Multiplier.swift */; };
		048D89D222017505003C98B3 /* UIScrollView+set.swift in Sources */ = {isa = PBXBuildFile; fileRef = 048D89D122017505003C98B3 /* UIScrollView+set.swift */; };
		048D89D522017532003C98B3 /* CGSize+Add.swift in Sources */ = {isa = PBXBuildFile; fileRef = 048D89D422017532003C98B3 /* CGSize+Add.swift */; };
		048D89D722017572003C98B3 /* UIStackView+Clear.swift in Sources */ = {isa = PBXBuildFile; fileRef = 048D89D622017572003C98B3 /* UIStackView+Clear.swift */; };
		048D89D922017594003C98B3 /* UICollectionView+Set.swift in Sources */ = {isa = PBXBuildFile; fileRef = 048D89D822017594003C98B3 /* UICollectionView+Set.swift */; };
		048D89DC220175AE003C98B3 /* UIView+Priority.swift in Sources */ = {isa = PBXBuildFile; fileRef = 048D89DB220175AE003C98B3 /* UIView+Priority.swift */; };
		048D89DE220175CC003C98B3 /* CGFloat+variationIn.swift in Sources */ = {isa = PBXBuildFile; fileRef = 048D89DD220175CC003C98B3 /* CGFloat+variationIn.swift */; };
		048D89E22201764E003C98B3 /* String+EstimatedHeightAndWidth.swift in Sources */ = {isa = PBXBuildFile; fileRef = 048D89E12201764E003C98B3 /* String+EstimatedHeightAndWidth.swift */; };
		048D89E422017711003C98B3 /* NSMutableAttributedString+Attributes.swift in Sources */ = {isa = PBXBuildFile; fileRef = 048D89E322017711003C98B3 /* NSMutableAttributedString+Attributes.swift */; };
		048D89E722017738003C98B3 /* UIFont+Traits.swift in Sources */ = {isa = PBXBuildFile; fileRef = 048D89E622017738003C98B3 /* UIFont+Traits.swift */; };
		048D89E92201776E003C98B3 /* UIStackView+AddArrangedSubviews.swift in Sources */ = {isa = PBXBuildFile; fileRef = 048D89E82201776E003C98B3 /* UIStackView+AddArrangedSubviews.swift */; };
		048D89EC2201779D003C98B3 /* UIView+AddSubviews.swift in Sources */ = {isa = PBXBuildFile; fileRef = 048D89EB2201779D003C98B3 /* UIView+AddSubviews.swift */; };
		048D89EE220177BA003C98B3 /* UIView+LayoutAnchor.swift in Sources */ = {isa = PBXBuildFile; fileRef = 048D89ED220177BA003C98B3 /* UIView+LayoutAnchor.swift */; };
		048D89F022017811003C98B3 /* NSLayoutConstraint+Active.swift in Sources */ = {isa = PBXBuildFile; fileRef = 048D89EF22017811003C98B3 /* NSLayoutConstraint+Active.swift */; };
		048D89F322017828003C98B3 /* UIImage+Resize.swift in Sources */ = {isa = PBXBuildFile; fileRef = 048D89F222017828003C98B3 /* UIImage+Resize.swift */; };
		048D89F522017866003C98B3 /* Array+At.swift in Sources */ = {isa = PBXBuildFile; fileRef = 048D89F422017866003C98B3 /* Array+At.swift */; };
		048D89F8220178FC003C98B3 /* Optional+Unwap.swift in Sources */ = {isa = PBXBuildFile; fileRef = 048D89F7220178FC003C98B3 /* Optional+Unwap.swift */; };
		048D89FA22017948003C98B3 /* UIView+HandyExtension.swift in Sources */ = {isa = PBXBuildFile; fileRef = 048D89F922017948003C98B3 /* UIView+HandyExtension.swift */; };
		048D89FC220179BA003C98B3 /* String+HandyExtension.swift in Sources */ = {isa = PBXBuildFile; fileRef = 048D89FB220179BA003C98B3 /* String+HandyExtension.swift */; };
		048D89FF22017A60003C98B3 /* Character+Ascii.swift in Sources */ = {isa = PBXBuildFile; fileRef = 048D89FE22017A60003C98B3 /* Character+Ascii.swift */; };
		048D8A0222017ABA003C98B3 /* Int+HandyExtension.swift in Sources */ = {isa = PBXBuildFile; fileRef = 048D8A0122017ABA003C98B3 /* Int+HandyExtension.swift */; };
		04B7522D2490F6B9008F83FE /* NumberFromTo.swift in Sources */ = {isa = PBXBuildFile; fileRef = 04B7522C2490F6B9008F83FE /* NumberFromTo.swift */; };
		04C54D992449A591001FF33D /* UIViewController+addChilds.swift in Sources */ = {isa = PBXBuildFile; fileRef = 04C54D982449A591001FF33D /* UIViewController+addChilds.swift */; };
		04EAF59222436C040085783D /* String+ToInt.swift in Sources */ = {isa = PBXBuildFile; fileRef = 04EAF59122436C040085783D /* String+ToInt.swift */; };
		04EAF59522436C990085783D /* KeywordObserver.swift in Sources */ = {isa = PBXBuildFile; fileRef = 04EAF59422436C990085783D /* KeywordObserver.swift */; };
		04EAF59722436CBB0085783D /* MJObservable.swift in Sources */ = {isa = PBXBuildFile; fileRef = 04EAF59622436CBB0085783D /* MJObservable.swift */; };
		04EAF59922436D330085783D /* Array+UIViewController.swift in Sources */ = {isa = PBXBuildFile; fileRef = 04EAF59822436D330085783D /* Array+UIViewController.swift */; };
		04EF1BFF236ACE9E00F251AD /* UIStoryboard+Initialize.swift in Sources */ = {isa = PBXBuildFile; fileRef = 04EF1BFE236ACE9E00F251AD /* UIStoryboard+Initialize.swift */; };
/* End PBXBuildFile section */

/* Begin PBXFileReference section */
		041088E622FC1B52001AB1F3 /* UIDevice+Notch.swift */ = {isa = PBXFileReference; lastKnownFileType = sourcecode.swift; path = "UIDevice+Notch.swift"; sourceTree = "<group>"; };
		044696D5246BB45D00447BCE /* UIInterfaceOrientation+AVCaptureVideoOrientation.swift */ = {isa = PBXFileReference; lastKnownFileType = sourcecode.swift; path = "UIInterfaceOrientation+AVCaptureVideoOrientation.swift"; sourceTree = "<group>"; };
		044696D7246BBB4D00447BCE /* CGColor+UIColor.swift */ = {isa = PBXFileReference; lastKnownFileType = sourcecode.swift; path = "CGColor+UIColor.swift"; sourceTree = "<group>"; };
		044BEB7422BB251600474A70 /* Scalable+CGFloat+Int.swift */ = {isa = PBXFileReference; lastKnownFileType = sourcecode.swift; path = "Scalable+CGFloat+Int.swift"; sourceTree = "<group>"; };
		0458DC95221D6AE9007835EA /* UIColor+generate.swift */ = {isa = PBXFileReference; lastKnownFileType = sourcecode.swift; path = "UIColor+generate.swift"; sourceTree = "<group>"; };
		0458DC98221D6B8C007835EA /* Data+JSONDecode+Encode.swift */ = {isa = PBXFileReference; lastKnownFileType = sourcecode.swift; path = "Data+JSONDecode+Encode.swift"; sourceTree = "<group>"; };
		04819F7922B8881300A1BCF4 /* CGFlat+Rounded.swift */ = {isa = PBXFileReference; lastKnownFileType = sourcecode.swift; path = "CGFlat+Rounded.swift"; sourceTree = "<group>"; };
		048D89A022017144003C98B3 /* ConvenientExtension.framework */ = {isa = PBXFileReference; explicitFileType = wrapper.framework; includeInIndex = 0; path = ConvenientExtension.framework; sourceTree = BUILT_PRODUCTS_DIR; };
		048D89A322017144003C98B3 /* ConvenientExtension.h */ = {isa = PBXFileReference; lastKnownFileType = sourcecode.c.h; path = ConvenientExtension.h; sourceTree = "<group>"; };
		048D89A422017144003C98B3 /* Info.plist */ = {isa = PBXFileReference; lastKnownFileType = text.plist.xml; path = Info.plist; sourceTree = "<group>"; };
		048D89AD2201729C003C98B3 /* UIScreen+Dimension.swift */ = {isa = PBXFileReference; lastKnownFileType = sourcecode.swift; path = "UIScreen+Dimension.swift"; sourceTree = "<group>"; };
		048D89B0220172BF003C98B3 /* UIApplication+StatusBarHeight.swift */ = {isa = PBXFileReference; lastKnownFileType = sourcecode.swift; path = "UIApplication+StatusBarHeight.swift"; sourceTree = "<group>"; };
		048D89B3220172EA003C98B3 /* UICollectionView+init.swift */ = {isa = PBXFileReference; lastKnownFileType = sourcecode.swift; path = "UICollectionView+init.swift"; sourceTree = "<group>"; };
		048D89B62201731D003C98B3 /* UILabel+setup.swift */ = {isa = PBXFileReference; lastKnownFileType = sourcecode.swift; path = "UILabel+setup.swift"; sourceTree = "<group>"; };
		048D89B922017374003C98B3 /* UIButton+sugar+setup.swift */ = {isa = PBXFileReference; lastKnownFileType = sourcecode.swift; path = "UIButton+sugar+setup.swift"; sourceTree = "<group>"; };
		048D89BB22017397003C98B3 /* UIApplication+openSetting.swift */ = {isa = PBXFileReference; lastKnownFileType = sourcecode.swift; path = "UIApplication+openSetting.swift"; sourceTree = "<group>"; };
		048D89BE220173F4003C98B3 /* CALayer+setBorder.swift */ = {isa = PBXFileReference; lastKnownFileType = sourcecode.swift; path = "CALayer+setBorder.swift"; sourceTree = "<group>"; };
		048D89C122017421003C98B3 /* Array+append+inserts.swift */ = {isa = PBXFileReference; lastKnownFileType = sourcecode.swift; path = "Array+append+inserts.swift"; sourceTree = "<group>"; };
		048D89C422017441003C98B3 /* Double+formattedString.swift */ = {isa = PBXFileReference; lastKnownFileType = sourcecode.swift; path = "Double+formattedString.swift"; sourceTree = "<group>"; };
		048D89C722017461003C98B3 /* UINavigationController+Transparent.swift */ = {isa = PBXFileReference; lastKnownFileType = sourcecode.swift; path = "UINavigationController+Transparent.swift"; sourceTree = "<group>"; };
		048D89CA2201748B003C98B3 /* UIStackView+set.swift */ = {isa = PBXFileReference; lastKnownFileType = sourcecode.swift; path = "UIStackView+set.swift"; sourceTree = "<group>"; };
		048D89CC220174C5003C98B3 /* CALayer+shadow.swift */ = {isa = PBXFileReference; lastKnownFileType = sourcecode.swift; path = "CALayer+shadow.swift"; sourceTree = "<group>"; };
		048D89CE220174ED003C98B3 /* Array+Multiplier.swift */ = {isa = PBXFileReference; lastKnownFileType = sourcecode.swift; path = "Array+Multiplier.swift"; sourceTree = "<group>"; };
		048D89D122017505003C98B3 /* UIScrollView+set.swift */ = {isa = PBXFileReference; lastKnownFileType = sourcecode.swift; path = "UIScrollView+set.swift"; sourceTree = "<group>"; };
		048D89D422017532003C98B3 /* CGSize+Add.swift */ = {isa = PBXFileReference; lastKnownFileType = sourcecode.swift; path = "CGSize+Add.swift"; sourceTree = "<group>"; };
		048D89D622017572003C98B3 /* UIStackView+Clear.swift */ = {isa = PBXFileReference; lastKnownFileType = sourcecode.swift; path = "UIStackView+Clear.swift"; sourceTree = "<group>"; };
		048D89D822017594003C98B3 /* UICollectionView+Set.swift */ = {isa = PBXFileReference; lastKnownFileType = sourcecode.swift; path = "UICollectionView+Set.swift"; sourceTree = "<group>"; };
		048D89DB220175AE003C98B3 /* UIView+Priority.swift */ = {isa = PBXFileReference; lastKnownFileType = sourcecode.swift; path = "UIView+Priority.swift"; sourceTree = "<group>"; };
		048D89DD220175CC003C98B3 /* CGFloat+variationIn.swift */ = {isa = PBXFileReference; lastKnownFileType = sourcecode.swift; path = "CGFloat+variationIn.swift"; sourceTree = "<group>"; };
		048D89E12201764E003C98B3 /* String+EstimatedHeightAndWidth.swift */ = {isa = PBXFileReference; lastKnownFileType = sourcecode.swift; path = "String+EstimatedHeightAndWidth.swift"; sourceTree = "<group>"; };
		048D89E322017711003C98B3 /* NSMutableAttributedString+Attributes.swift */ = {isa = PBXFileReference; lastKnownFileType = sourcecode.swift; path = "NSMutableAttributedString+Attributes.swift"; sourceTree = "<group>"; };
		048D89E622017738003C98B3 /* UIFont+Traits.swift */ = {isa = PBXFileReference; lastKnownFileType = sourcecode.swift; path = "UIFont+Traits.swift"; sourceTree = "<group>"; };
		048D89E82201776E003C98B3 /* UIStackView+AddArrangedSubviews.swift */ = {isa = PBXFileReference; lastKnownFileType = sourcecode.swift; path = "UIStackView+AddArrangedSubviews.swift"; sourceTree = "<group>"; };
		048D89EB2201779D003C98B3 /* UIView+AddSubviews.swift */ = {isa = PBXFileReference; lastKnownFileType = sourcecode.swift; path = "UIView+AddSubviews.swift"; sourceTree = "<group>"; };
		048D89ED220177BA003C98B3 /* UIView+LayoutAnchor.swift */ = {isa = PBXFileReference; lastKnownFileType = sourcecode.swift; path = "UIView+LayoutAnchor.swift"; sourceTree = "<group>"; };
		048D89EF22017811003C98B3 /* NSLayoutConstraint+Active.swift */ = {isa = PBXFileReference; lastKnownFileType = sourcecode.swift; path = "NSLayoutConstraint+Active.swift"; sourceTree = "<group>"; };
		048D89F222017828003C98B3 /* UIImage+Resize.swift */ = {isa = PBXFileReference; lastKnownFileType = sourcecode.swift; path = "UIImage+Resize.swift"; sourceTree = "<group>"; };
		048D89F422017866003C98B3 /* Array+At.swift */ = {isa = PBXFileReference; lastKnownFileType = sourcecode.swift; path = "Array+At.swift"; sourceTree = "<group>"; };
		048D89F7220178FC003C98B3 /* Optional+Unwap.swift */ = {isa = PBXFileReference; lastKnownFileType = sourcecode.swift; path = "Optional+Unwap.swift"; sourceTree = "<group>"; };
		048D89F922017948003C98B3 /* UIView+HandyExtension.swift */ = {isa = PBXFileReference; lastKnownFileType = sourcecode.swift; path = "UIView+HandyExtension.swift"; sourceTree = "<group>"; };
		048D89FB220179BA003C98B3 /* String+HandyExtension.swift */ = {isa = PBXFileReference; lastKnownFileType = sourcecode.swift; path = "String+HandyExtension.swift"; sourceTree = "<group>"; };
		048D89FE22017A60003C98B3 /* Character+Ascii.swift */ = {isa = PBXFileReference; lastKnownFileType = sourcecode.swift; path = "Character+Ascii.swift"; sourceTree = "<group>"; };
		048D8A0122017ABA003C98B3 /* Int+HandyExtension.swift */ = {isa = PBXFileReference; lastKnownFileType = sourcecode.swift; path = "Int+HandyExtension.swift"; sourceTree = "<group>"; };
		04B7522C2490F6B9008F83FE /* NumberFromTo.swift */ = {isa = PBXFileReference; lastKnownFileType = sourcecode.swift; path = NumberFromTo.swift; sourceTree = "<group>"; };
		04C54D982449A591001FF33D /* UIViewController+addChilds.swift */ = {isa = PBXFileReference; lastKnownFileType = sourcecode.swift; path = "UIViewController+addChilds.swift"; sourceTree = "<group>"; };
		04EAF59122436C040085783D /* String+ToInt.swift */ = {isa = PBXFileReference; lastKnownFileType = sourcecode.swift; path = "String+ToInt.swift"; sourceTree = "<group>"; };
		04EAF59422436C990085783D /* KeywordObserver.swift */ = {isa = PBXFileReference; lastKnownFileType = sourcecode.swift; path = KeywordObserver.swift; sourceTree = "<group>"; };
		04EAF59622436CBB0085783D /* MJObservable.swift */ = {isa = PBXFileReference; lastKnownFileType = sourcecode.swift; path = MJObservable.swift; sourceTree = "<group>"; };
		04EAF59822436D330085783D /* Array+UIViewController.swift */ = {isa = PBXFileReference; lastKnownFileType = sourcecode.swift; path = "Array+UIViewController.swift"; sourceTree = "<group>"; };
		04EF1BFE236ACE9E00F251AD /* UIStoryboard+Initialize.swift */ = {isa = PBXFileReference; lastKnownFileType = sourcecode.swift; path = "UIStoryboard+Initialize.swift"; sourceTree = "<group>"; };
/* End PBXFileReference section */

/* Begin PBXFrameworksBuildPhase section */
		048D899D22017144003C98B3 /* Frameworks */ = {
			isa = PBXFrameworksBuildPhase;
			buildActionMask = 2147483647;
			files = (
			);
			runOnlyForDeploymentPostprocessing = 0;
		};
/* End PBXFrameworksBuildPhase section */

/* Begin PBXGroup section */
		041088E522FC1B39001AB1F3 /* UIDevice */ = {
			isa = PBXGroup;
			children = (
				041088E622FC1B52001AB1F3 /* UIDevice+Notch.swift */,
			);
			path = UIDevice;
			sourceTree = "<group>";
		};
		0458DC94221D6ADE007835EA /* UIColor */ = {
			isa = PBXGroup;
			children = (
				0458DC95221D6AE9007835EA /* UIColor+generate.swift */,
				044696D7246BBB4D00447BCE /* CGColor+UIColor.swift */,
			);
			path = UIColor;
			sourceTree = "<group>";
		};
		0458DC97221D6B82007835EA /* Data */ = {
			isa = PBXGroup;
			children = (
				0458DC98221D6B8C007835EA /* Data+JSONDecode+Encode.swift */,
			);
			path = Data;
			sourceTree = "<group>";
		};
		048D899622017144003C98B3 = {
			isa = PBXGroup;
			children = (
				048D89A222017144003C98B3 /* Sources */,
				048D89A122017144003C98B3 /* Products */,
			);
			sourceTree = "<group>";
		};
		048D89A122017144003C98B3 /* Products */ = {
			isa = PBXGroup;
			children = (
				048D89A022017144003C98B3 /* ConvenientExtension.framework */,
			);
			name = Products;
			sourceTree = "<group>";
		};
		048D89A222017144003C98B3 /* Sources */ = {
			isa = PBXGroup;
			children = (
				04C54D972449A581001FF33D /* UIViewController */,
				04EF1BFD236ACE8D00F251AD /* UIStoryboard */,
				041088E522FC1B39001AB1F3 /* UIDevice */,
				04EAF59322436C610085783D /* Services */,
				0458DC97221D6B82007835EA /* Data */,
				0458DC94221D6ADE007835EA /* UIColor */,
				048D8A0022017AB0003C98B3 /* Int */,
				048D89F6220178F3003C98B3 /* Optional */,
				048D89F122017820003C98B3 /* UIImage */,
				048D89EA2201778B003C98B3 /* NSLayoutconstraint */,
				048D89E52201772C003C98B3 /* UIFont */,
				048D89FD22017A4C003C98B3 /* Character */,
				048D89E022017619003C98B3 /* String */,
				048D89DA220175A5003C98B3 /* UIView */,
				048D89D322017519003C98B3 /* CGSize */,
				048D89D0220174FB003C98B3 /* UIScrollView */,
				048D89C92201747F003C98B3 /* UIStackView */,
				048D89C622017455003C98B3 /* UINavigationController */,
				048D89C322017435003C98B3 /* Double */,
				048D89C022017411003C98B3 /* Array */,
				048D89B822017360003C98B3 /* UIButton */,
				048D89BD220173EA003C98B3 /* CALayer */,
				048D89B5220172FB003C98B3 /* UILabel */,
				048D89B2220172DD003C98B3 /* UICollectionView */,
				048D89AF220172AB003C98B3 /* UIApplication */,
				048D89AC2201726E003C98B3 /* UIScreen */,
				048D89DF220175D5003C98B3 /* CGFloat */,
				048D89AB220171F3003C98B3 /* Assets */,
			);
			path = Sources;
			sourceTree = "<group>";
		};
		048D89AB220171F3003C98B3 /* Assets */ = {
			isa = PBXGroup;
			children = (
				048D89A322017144003C98B3 /* ConvenientExtension.h */,
				048D89A422017144003C98B3 /* Info.plist */,
			);
			path = Assets;
			sourceTree = "<group>";
		};
		048D89AC2201726E003C98B3 /* UIScreen */ = {
			isa = PBXGroup;
			children = (
				048D89AD2201729C003C98B3 /* UIScreen+Dimension.swift */,
			);
			path = UIScreen;
			sourceTree = "<group>";
		};
		048D89AF220172AB003C98B3 /* UIApplication */ = {
			isa = PBXGroup;
			children = (
				048D89B0220172BF003C98B3 /* UIApplication+StatusBarHeight.swift */,
				048D89BB22017397003C98B3 /* UIApplication+openSetting.swift */,
				044696D5246BB45D00447BCE /* UIInterfaceOrientation+AVCaptureVideoOrientation.swift */,
			);
			path = UIApplication;
			sourceTree = "<group>";
		};
		048D89B2220172DD003C98B3 /* UICollectionView */ = {
			isa = PBXGroup;
			children = (
				048D89B3220172EA003C98B3 /* UICollectionView+init.swift */,
				048D89D822017594003C98B3 /* UICollectionView+Set.swift */,
			);
			path = UICollectionView;
			sourceTree = "<group>";
		};
		048D89B5220172FB003C98B3 /* UILabel */ = {
			isa = PBXGroup;
			children = (
				048D89B62201731D003C98B3 /* UILabel+setup.swift */,
			);
			path = UILabel;
			sourceTree = "<group>";
		};
		048D89B822017360003C98B3 /* UIButton */ = {
			isa = PBXGroup;
			children = (
				048D89B922017374003C98B3 /* UIButton+sugar+setup.swift */,
			);
			path = UIButton;
			sourceTree = "<group>";
		};
		048D89BD220173EA003C98B3 /* CALayer */ = {
			isa = PBXGroup;
			children = (
				048D89BE220173F4003C98B3 /* CALayer+setBorder.swift */,
				048D89CC220174C5003C98B3 /* CALayer+shadow.swift */,
			);
			path = CALayer;
			sourceTree = "<group>";
		};
		048D89C022017411003C98B3 /* Array */ = {
			isa = PBXGroup;
			children = (
				048D89C122017421003C98B3 /* Array+append+inserts.swift */,
				048D89CE220174ED003C98B3 /* Array+Multiplier.swift */,
				048D89F422017866003C98B3 /* Array+At.swift */,
				04EAF59822436D330085783D /* Array+UIViewController.swift */,
			);
			path = Array;
			sourceTree = "<group>";
		};
		048D89C322017435003C98B3 /* Double */ = {
			isa = PBXGroup;
			children = (
				048D89C422017441003C98B3 /* Double+formattedString.swift */,
			);
			path = Double;
			sourceTree = "<group>";
		};
		048D89C622017455003C98B3 /* UINavigationController */ = {
			isa = PBXGroup;
			children = (
				048D89C722017461003C98B3 /* UINavigationController+Transparent.swift */,
			);
			path = UINavigationController;
			sourceTree = "<group>";
		};
		048D89C92201747F003C98B3 /* UIStackView */ = {
			isa = PBXGroup;
			children = (
				048D89CA2201748B003C98B3 /* UIStackView+set.swift */,
				048D89D622017572003C98B3 /* UIStackView+Clear.swift */,
				048D89E82201776E003C98B3 /* UIStackView+AddArrangedSubviews.swift */,
			);
			path = UIStackView;
			sourceTree = "<group>";
		};
		048D89D0220174FB003C98B3 /* UIScrollView */ = {
			isa = PBXGroup;
			children = (
				048D89D122017505003C98B3 /* UIScrollView+set.swift */,
			);
			path = UIScrollView;
			sourceTree = "<group>";
		};
		048D89D322017519003C98B3 /* CGSize */ = {
			isa = PBXGroup;
			children = (
				048D89D422017532003C98B3 /* CGSize+Add.swift */,
			);
			path = CGSize;
			sourceTree = "<group>";
		};
		048D89DA220175A5003C98B3 /* UIView */ = {
			isa = PBXGroup;
			children = (
				048D89DB220175AE003C98B3 /* UIView+Priority.swift */,
				048D89EB2201779D003C98B3 /* UIView+AddSubviews.swift */,
				048D89ED220177BA003C98B3 /* UIView+LayoutAnchor.swift */,
				048D89F922017948003C98B3 /* UIView+HandyExtension.swift */,
			);
			path = UIView;
			sourceTree = "<group>";
		};
		048D89DF220175D5003C98B3 /* CGFloat */ = {
			isa = PBXGroup;
			children = (
				048D89DD220175CC003C98B3 /* CGFloat+variationIn.swift */,
				04819F7922B8881300A1BCF4 /* CGFlat+Rounded.swift */,
				044BEB7422BB251600474A70 /* Scalable+CGFloat+Int.swift */,
				04B7522C2490F6B9008F83FE /* NumberFromTo.swift */,
			);
			path = CGFloat;
			sourceTree = "<group>";
		};
		048D89E022017619003C98B3 /* String */ = {
			isa = PBXGroup;
			children = (
				048D89E12201764E003C98B3 /* String+EstimatedHeightAndWidth.swift */,
				048D89E322017711003C98B3 /* NSMutableAttributedString+Attributes.swift */,
				048D89FB220179BA003C98B3 /* String+HandyExtension.swift */,
				04EAF59122436C040085783D /* String+ToInt.swift */,
			);
			path = String;
			sourceTree = "<group>";
		};
		048D89E52201772C003C98B3 /* UIFont */ = {
			isa = PBXGroup;
			children = (
				048D89E622017738003C98B3 /* UIFont+Traits.swift */,
			);
			path = UIFont;
			sourceTree = "<group>";
		};
		048D89EA2201778B003C98B3 /* NSLayoutconstraint */ = {
			isa = PBXGroup;
			children = (
				048D89EF22017811003C98B3 /* NSLayoutConstraint+Active.swift */,
			);
			path = NSLayoutconstraint;
			sourceTree = "<group>";
		};
		048D89F122017820003C98B3 /* UIImage */ = {
			isa = PBXGroup;
			children = (
				048D89F222017828003C98B3 /* UIImage+Resize.swift */,
			);
			path = UIImage;
			sourceTree = "<group>";
		};
		048D89F6220178F3003C98B3 /* Optional */ = {
			isa = PBXGroup;
			children = (
				048D89F7220178FC003C98B3 /* Optional+Unwap.swift */,
			);
			path = Optional;
			sourceTree = "<group>";
		};
		048D89FD22017A4C003C98B3 /* Character */ = {
			isa = PBXGroup;
			children = (
				048D89FE22017A60003C98B3 /* Character+Ascii.swift */,
			);
			path = Character;
			sourceTree = "<group>";
		};
		048D8A0022017AB0003C98B3 /* Int */ = {
			isa = PBXGroup;
			children = (
				048D8A0122017ABA003C98B3 /* Int+HandyExtension.swift */,
			);
			path = Int;
			sourceTree = "<group>";
		};
		04C54D972449A581001FF33D /* UIViewController */ = {
			isa = PBXGroup;
			children = (
				04C54D982449A591001FF33D /* UIViewController+addChilds.swift */,
			);
			path = UIViewController;
			sourceTree = "<group>";
		};
		04EAF59322436C610085783D /* Services */ = {
			isa = PBXGroup;
			children = (
				04EAF59422436C990085783D /* KeywordObserver.swift */,
				04EAF59622436CBB0085783D /* MJObservable.swift */,
			);
			path = Services;
			sourceTree = "<group>";
		};
		04EF1BFD236ACE8D00F251AD /* UIStoryboard */ = {
			isa = PBXGroup;
			children = (
				04EF1BFE236ACE9E00F251AD /* UIStoryboard+Initialize.swift */,
			);
			path = UIStoryboard;
			sourceTree = "<group>";
		};
/* End PBXGroup section */

/* Begin PBXHeadersBuildPhase section */
		048D899B22017144003C98B3 /* Headers */ = {
			isa = PBXHeadersBuildPhase;
			buildActionMask = 2147483647;
			files = (
				048D89A522017144003C98B3 /* ConvenientExtension.h in Headers */,
			);
			runOnlyForDeploymentPostprocessing = 0;
		};
/* End PBXHeadersBuildPhase section */

/* Begin PBXNativeTarget section */
		048D899F22017144003C98B3 /* ConvenientExtension */ = {
			isa = PBXNativeTarget;
			buildConfigurationList = 048D89A822017144003C98B3 /* Build configuration list for PBXNativeTarget "ConvenientExtension" */;
			buildPhases = (
				048D899B22017144003C98B3 /* Headers */,
				048D899C22017144003C98B3 /* Sources */,
				048D899D22017144003C98B3 /* Frameworks */,
				048D899E22017144003C98B3 /* Resources */,
			);
			buildRules = (
			);
			dependencies = (
			);
			name = ConvenientExtension;
			productName = ConvenientExtension;
			productReference = 048D89A022017144003C98B3 /* ConvenientExtension.framework */;
			productType = "com.apple.product-type.framework";
		};
/* End PBXNativeTarget section */

/* Begin PBXProject section */
		048D899722017144003C98B3 /* Project object */ = {
			isa = PBXProject;
			attributes = {
				LastUpgradeCheck = 1010;
				ORGANIZATIONNAME = "Minjun Ju";
				TargetAttributes = {
					048D899F22017144003C98B3 = {
						CreatedOnToolsVersion = 10.1;
						LastSwiftMigration = 1010;
					};
				};
			};
			buildConfigurationList = 048D899A22017144003C98B3 /* Build configuration list for PBXProject "ConvenientExtension" */;
			compatibilityVersion = "Xcode 9.3";
			developmentRegion = en;
			hasScannedForEncodings = 0;
			knownRegions = (
				en,
			);
			mainGroup = 048D899622017144003C98B3;
			productRefGroup = 048D89A122017144003C98B3 /* Products */;
			projectDirPath = "";
			projectRoot = "";
			targets = (
				048D899F22017144003C98B3 /* ConvenientExtension */,
			);
		};
/* End PBXProject section */

/* Begin PBXResourcesBuildPhase section */
		048D899E22017144003C98B3 /* Resources */ = {
			isa = PBXResourcesBuildPhase;
			buildActionMask = 2147483647;
			files = (
			);
			runOnlyForDeploymentPostprocessing = 0;
		};
/* End PBXResourcesBuildPhase section */

/* Begin PBXSourcesBuildPhase section */
		048D899C22017144003C98B3 /* Sources */ = {
			isa = PBXSourcesBuildPhase;
			buildActionMask = 2147483647;
			files = (
				044BEB7522BB251600474A70 /* Scalable+CGFloat+Int.swift in Sources */,
				048D89C822017461003C98B3 /* UINavigationController+Transparent.swift in Sources */,
				041088E722FC1B52001AB1F3 /* UIDevice+Notch.swift in Sources */,
				04EAF59222436C040085783D /* String+ToInt.swift in Sources */,
				048D89F022017811003C98B3 /* NSLayoutConstraint+Active.swift in Sources */,
				048D89D522017532003C98B3 /* CGSize+Add.swift in Sources */,
				04819F7A22B8881300A1BCF4 /* CGFlat+Rounded.swift in Sources */,
				048D89CD220174C5003C98B3 /* CALayer+shadow.swift in Sources */,
				048D89D722017572003C98B3 /* UIStackView+Clear.swift in Sources */,
				048D89B72201731D003C98B3 /* UILabel+setup.swift in Sources */,
				048D89BC22017397003C98B3 /* UIApplication+openSetting.swift in Sources */,
				048D89FF22017A60003C98B3 /* Character+Ascii.swift in Sources */,
				04EF1BFF236ACE9E00F251AD /* UIStoryboard+Initialize.swift in Sources */,
				044696D6246BB45D00447BCE /* UIInterfaceOrientation+AVCaptureVideoOrientation.swift in Sources */,
				048D89EE220177BA003C98B3 /* UIView+LayoutAnchor.swift in Sources */,
				048D89E92201776E003C98B3 /* UIStackView+AddArrangedSubviews.swift in Sources */,
				04EAF59722436CBB0085783D /* MJObservable.swift in Sources */,
				0458DC96221D6AE9007835EA /* UIColor+generate.swift in Sources */,
				048D8A0222017ABA003C98B3 /* Int+HandyExtension.swift in Sources */,
				04C54D992449A591001FF33D /* UIViewController+addChilds.swift in Sources */,
				048D89C222017421003C98B3 /* Array+append+inserts.swift in Sources */,
				048D89EC2201779D003C98B3 /* UIView+AddSubviews.swift in Sources */,
				048D89AE2201729C003C98B3 /* UIScreen+Dimension.swift in Sources */,
				048D89D222017505003C98B3 /* UIScrollView+set.swift in Sources */,
				04EAF59522436C990085783D /* KeywordObserver.swift in Sources */,
				048D89E22201764E003C98B3 /* String+EstimatedHeightAndWidth.swift in Sources */,
				0458DC99221D6B8C007835EA /* Data+JSONDecode+Encode.swift in Sources */,
				048D89F322017828003C98B3 /* UIImage+Resize.swift in Sources */,
				048D89C522017441003C98B3 /* Double+formattedString.swift in Sources */,
				048D89F522017866003C98B3 /* Array+At.swift in Sources */,
				048D89B4220172EA003C98B3 /* UICollectionView+init.swift in Sources */,
				048D89E422017711003C98B3 /* NSMutableAttributedString+Attributes.swift in Sources */,
				048D89B1220172BF003C98B3 /* UIApplication+StatusBarHeight.swift in Sources */,
				048D89DC220175AE003C98B3 /* UIView+Priority.swift in Sources */,
				048D89CB2201748B003C98B3 /* UIStackView+set.swift in Sources */,
				04EAF59922436D330085783D /* Array+UIViewController.swift in Sources */,
				048D89DE220175CC003C98B3 /* CGFloat+variationIn.swift in Sources */,
				048D89FC220179BA003C98B3 /* String+HandyExtension.swift in Sources */,
				048D89CF220174ED003C98B3 /* Array+Multiplier.swift in Sources */,
				044696D8246BBB4D00447BCE /* CGColor+UIColor.swift in Sources */,
				048D89BF220173F4003C98B3 /* CALayer+setBorder.swift in Sources */,
				048D89E722017738003C98B3 /* UIFont+Traits.swift in Sources */,
				04B7522D2490F6B9008F83FE /* NumberFromTo.swift in Sources */,
				048D89BA22017374003C98B3 /* UIButton+sugar+setup.swift in Sources */,
				048D89D922017594003C98B3 /* UICollectionView+Set.swift in Sources */,
				048D89F8220178FC003C98B3 /* Optional+Unwap.swift in Sources */,
				048D89FA22017948003C98B3 /* UIView+HandyExtension.swift in Sources */,
			);
			runOnlyForDeploymentPostprocessing = 0;
		};
/* End PBXSourcesBuildPhase section */

/* Begin XCBuildConfiguration section */
		048D89A622017144003C98B3 /* Debug */ = {
			isa = XCBuildConfiguration;
			buildSettings = {
				ALWAYS_SEARCH_USER_PATHS = NO;
				CLANG_ANALYZER_NONNULL = YES;
				CLANG_ANALYZER_NUMBER_OBJECT_CONVERSION = YES_AGGRESSIVE;
				CLANG_CXX_LANGUAGE_STANDARD = "gnu++14";
				CLANG_CXX_LIBRARY = "libc++";
				CLANG_ENABLE_MODULES = YES;
				CLANG_ENABLE_OBJC_ARC = YES;
				CLANG_ENABLE_OBJC_WEAK = YES;
				CLANG_WARN_BLOCK_CAPTURE_AUTORELEASING = YES;
				CLANG_WARN_BOOL_CONVERSION = YES;
				CLANG_WARN_COMMA = YES;
				CLANG_WARN_CONSTANT_CONVERSION = YES;
				CLANG_WARN_DEPRECATED_OBJC_IMPLEMENTATIONS = YES;
				CLANG_WARN_DIRECT_OBJC_ISA_USAGE = YES_ERROR;
				CLANG_WARN_DOCUMENTATION_COMMENTS = YES;
				CLANG_WARN_EMPTY_BODY = YES;
				CLANG_WARN_ENUM_CONVERSION = YES;
				CLANG_WARN_INFINITE_RECURSION = YES;
				CLANG_WARN_INT_CONVERSION = YES;
				CLANG_WARN_NON_LITERAL_NULL_CONVERSION = YES;
				CLANG_WARN_OBJC_IMPLICIT_RETAIN_SELF = YES;
				CLANG_WARN_OBJC_LITERAL_CONVERSION = YES;
				CLANG_WARN_OBJC_ROOT_CLASS = YES_ERROR;
				CLANG_WARN_RANGE_LOOP_ANALYSIS = YES;
				CLANG_WARN_STRICT_PROTOTYPES = YES;
				CLANG_WARN_SUSPICIOUS_MOVE = YES;
				CLANG_WARN_UNGUARDED_AVAILABILITY = YES_AGGRESSIVE;
				CLANG_WARN_UNREACHABLE_CODE = YES;
				CLANG_WARN__DUPLICATE_METHOD_MATCH = YES;
				CODE_SIGN_IDENTITY = "iPhone Developer";
				COPY_PHASE_STRIP = NO;
				CURRENT_PROJECT_VERSION = 1;
				DEBUG_INFORMATION_FORMAT = dwarf;
				ENABLE_STRICT_OBJC_MSGSEND = YES;
				ENABLE_TESTABILITY = YES;
				GCC_C_LANGUAGE_STANDARD = gnu11;
				GCC_DYNAMIC_NO_PIC = NO;
				GCC_NO_COMMON_BLOCKS = YES;
				GCC_OPTIMIZATION_LEVEL = 0;
				GCC_PREPROCESSOR_DEFINITIONS = (
					"DEBUG=1",
					"$(inherited)",
				);
				GCC_WARN_64_TO_32_BIT_CONVERSION = YES;
				GCC_WARN_ABOUT_RETURN_TYPE = YES_ERROR;
				GCC_WARN_UNDECLARED_SELECTOR = YES;
				GCC_WARN_UNINITIALIZED_AUTOS = YES_AGGRESSIVE;
				GCC_WARN_UNUSED_FUNCTION = YES;
				GCC_WARN_UNUSED_VARIABLE = YES;
				IPHONEOS_DEPLOYMENT_TARGET = 8.0;
				MTL_ENABLE_DEBUG_INFO = INCLUDE_SOURCE;
				MTL_FAST_MATH = YES;
				ONLY_ACTIVE_ARCH = YES;
				SDKROOT = iphoneos;
				SWIFT_ACTIVE_COMPILATION_CONDITIONS = DEBUG;
				SWIFT_OPTIMIZATION_LEVEL = "-Onone";
				SWIFT_VERSION = 5.0;
				VERSIONING_SYSTEM = "apple-generic";
				VERSION_INFO_PREFIX = "";
			};
			name = Debug;
		};
		048D89A722017144003C98B3 /* Release */ = {
			isa = XCBuildConfiguration;
			buildSettings = {
				ALWAYS_SEARCH_USER_PATHS = NO;
				CLANG_ANALYZER_NONNULL = YES;
				CLANG_ANALYZER_NUMBER_OBJECT_CONVERSION = YES_AGGRESSIVE;
				CLANG_CXX_LANGUAGE_STANDARD = "gnu++14";
				CLANG_CXX_LIBRARY = "libc++";
				CLANG_ENABLE_MODULES = YES;
				CLANG_ENABLE_OBJC_ARC = YES;
				CLANG_ENABLE_OBJC_WEAK = YES;
				CLANG_WARN_BLOCK_CAPTURE_AUTORELEASING = YES;
				CLANG_WARN_BOOL_CONVERSION = YES;
				CLANG_WARN_COMMA = YES;
				CLANG_WARN_CONSTANT_CONVERSION = YES;
				CLANG_WARN_DEPRECATED_OBJC_IMPLEMENTATIONS = YES;
				CLANG_WARN_DIRECT_OBJC_ISA_USAGE = YES_ERROR;
				CLANG_WARN_DOCUMENTATION_COMMENTS = YES;
				CLANG_WARN_EMPTY_BODY = YES;
				CLANG_WARN_ENUM_CONVERSION = YES;
				CLANG_WARN_INFINITE_RECURSION = YES;
				CLANG_WARN_INT_CONVERSION = YES;
				CLANG_WARN_NON_LITERAL_NULL_CONVERSION = YES;
				CLANG_WARN_OBJC_IMPLICIT_RETAIN_SELF = YES;
				CLANG_WARN_OBJC_LITERAL_CONVERSION = YES;
				CLANG_WARN_OBJC_ROOT_CLASS = YES_ERROR;
				CLANG_WARN_RANGE_LOOP_ANALYSIS = YES;
				CLANG_WARN_STRICT_PROTOTYPES = YES;
				CLANG_WARN_SUSPICIOUS_MOVE = YES;
				CLANG_WARN_UNGUARDED_AVAILABILITY = YES_AGGRESSIVE;
				CLANG_WARN_UNREACHABLE_CODE = YES;
				CLANG_WARN__DUPLICATE_METHOD_MATCH = YES;
				CODE_SIGN_IDENTITY = "iPhone Developer";
				COPY_PHASE_STRIP = NO;
				CURRENT_PROJECT_VERSION = 1;
				DEBUG_INFORMATION_FORMAT = "dwarf-with-dsym";
				ENABLE_NS_ASSERTIONS = NO;
				ENABLE_STRICT_OBJC_MSGSEND = YES;
				GCC_C_LANGUAGE_STANDARD = gnu11;
				GCC_NO_COMMON_BLOCKS = YES;
				GCC_WARN_64_TO_32_BIT_CONVERSION = YES;
				GCC_WARN_ABOUT_RETURN_TYPE = YES_ERROR;
				GCC_WARN_UNDECLARED_SELECTOR = YES;
				GCC_WARN_UNINITIALIZED_AUTOS = YES_AGGRESSIVE;
				GCC_WARN_UNUSED_FUNCTION = YES;
				GCC_WARN_UNUSED_VARIABLE = YES;
				IPHONEOS_DEPLOYMENT_TARGET = 8.0;
				MTL_ENABLE_DEBUG_INFO = NO;
				MTL_FAST_MATH = YES;
				SDKROOT = iphoneos;
				SWIFT_COMPILATION_MODE = wholemodule;
				SWIFT_OPTIMIZATION_LEVEL = "-O";
				SWIFT_VERSION = 5.0;
				VALIDATE_PRODUCT = YES;
				VERSIONING_SYSTEM = "apple-generic";
				VERSION_INFO_PREFIX = "";
			};
			name = Release;
		};
		048D89A922017144003C98B3 /* Debug */ = {
			isa = XCBuildConfiguration;
			buildSettings = {
				CLANG_ENABLE_MODULES = YES;
				CODE_SIGN_IDENTITY = "iPhone Developer";
				CODE_SIGN_STYLE = Automatic;
				DEFINES_MODULE = YES;
				DEVELOPMENT_TEAM = E8CS7J8RX4;
				DYLIB_COMPATIBILITY_VERSION = 1;
				DYLIB_CURRENT_VERSION = 1;
				DYLIB_INSTALL_NAME_BASE = "@rpath";
				INFOPLIST_FILE = Sources/Assets/Info.plist;
				INSTALL_PATH = "$(LOCAL_LIBRARY_DIR)/Frameworks";
				LD_RUNPATH_SEARCH_PATHS = (
					"$(inherited)",
					"@executable_path/Frameworks",
					"@loader_path/Frameworks",
				);
				PRODUCT_BUNDLE_IDENTIFIER = kr.mjun.ConvenientExtension;
				PRODUCT_NAME = "$(TARGET_NAME:c99extidentifier)";
				PROVISIONING_PROFILE_SPECIFIER = "";
				SKIP_INSTALL = YES;
				SWIFT_OPTIMIZATION_LEVEL = "-Onone";
				SWIFT_VERSION = 5.0;
				TARGETED_DEVICE_FAMILY = "1,2";
			};
			name = Debug;
		};
		048D89AA22017144003C98B3 /* Release */ = {
			isa = XCBuildConfiguration;
			buildSettings = {
				CLANG_ENABLE_MODULES = YES;
				CODE_SIGN_IDENTITY = "iPhone Developer";
				CODE_SIGN_STYLE = Automatic;
				DEFINES_MODULE = YES;
				DEVELOPMENT_TEAM = E8CS7J8RX4;
				DYLIB_COMPATIBILITY_VERSION = 1;
				DYLIB_CURRENT_VERSION = 1;
				DYLIB_INSTALL_NAME_BASE = "@rpath";
				INFOPLIST_FILE = Sources/Assets/Info.plist;
				INSTALL_PATH = "$(LOCAL_LIBRARY_DIR)/Frameworks";
				LD_RUNPATH_SEARCH_PATHS = (
					"$(inherited)",
					"@executable_path/Frameworks",
					"@loader_path/Frameworks",
				);
				PRODUCT_BUNDLE_IDENTIFIER = kr.mjun.ConvenientExtension;
				PRODUCT_NAME = "$(TARGET_NAME:c99extidentifier)";
				PROVISIONING_PROFILE_SPECIFIER = "";
				SKIP_INSTALL = YES;
				SWIFT_VERSION = 5.0;
				TARGETED_DEVICE_FAMILY = "1,2";
			};
			name = Release;
		};
/* End XCBuildConfiguration section */

/* Begin XCConfigurationList section */
		048D899A22017144003C98B3 /* Build configuration list for PBXProject "ConvenientExtension" */ = {
			isa = XCConfigurationList;
			buildConfigurations = (
				048D89A622017144003C98B3 /* Debug */,
				048D89A722017144003C98B3 /* Release */,
			);
			defaultConfigurationIsVisible = 0;
			defaultConfigurationName = Release;
		};
		048D89A822017144003C98B3 /* Build configuration list for PBXNativeTarget "ConvenientExtension" */ = {
			isa = XCConfigurationList;
			buildConfigurations = (
				048D89A922017144003C98B3 /* Debug */,
				048D89AA22017144003C98B3 /* Release */,
			);
			defaultConfigurationIsVisible = 0;
			defaultConfigurationName = Release;
		};
/* End XCConfigurationList section */
	};
	rootObject = 048D899722017144003C98B3 /* Project object */;
}
